
Microsoft Visual Studio Solution File, Format Version 12.00
# Visual Studio Version 17
VisualStudioVersion = 17.0.31919.166
MinimumVisualStudioVersion = 10.0.40219.1
Project("{FAE04EC0-301F-11D3-BF4B-00C04F79EFBC}") = "ControlTimeMod", "ControlTimeMod.csproj", "{D68EA5F1-D54E-4FAD-AB37-EA7E1EF680AB}"
EndProject
Global
	GlobalSection(SolutionConfigurationPlatforms) = preSolution
		Debug|Any CPU = Debug|Any CPU
		Release|Any CPU = Release|Any CPU
	EndGlobalSection
	GlobalSection(ProjectConfigurationPlatforms) = postSolution
		{D68EA5F1-D54E-4FAD-AB37-EA7E1EF680AB}.Debug|Any CPU.ActiveCfg = Debug|Any CPU
		{D68EA5F1-D54E-4FAD-AB37-EA7E1EF680AB}.Debug|Any CPU.Build.0 = Debug|Any CPU
		{D68EA5F1-D54E-4FAD-AB37-EA7E1EF680AB}.Release|Any CPU.ActiveCfg = Release|Any CPU
		{D68EA5F1-D54E-4FAD-AB37-EA7E1EF680AB}.Release|Any CPU.Build.0 = Release|Any CPU
	EndGlobalSection
	GlobalSection(SolutionProperties) = preSolution
		HideSolutionNode = FALSE
	EndGlobalSection
	GlobalSection(ExtensibilityGlobals) = postSolution
		SolutionGuid = {B6678928-41B7-4317-BA1E-0C8BC588CB08}
	EndGlobalSection
EndGlobal
